
Microsoft Visual Studio Solution File, Format Version 12.00
# Visual Studio Version 17
VisualStudioVersion = 17.8.34330.188
MinimumVisualStudioVersion = 10.0.40219.1
Project("{9A19103F-16F7-4668-BE54-9A1E7A4F7556}") = "GLSLMapper", "GLSLMapper\GLSLMapper.csproj", "{62D75ADA-244F-4A17-8DB4-57D5A855C0CD}"
EndProject
Global
	GlobalSection(SolutionConfigurationPlatforms) = preSolution
		Debug|Any CPU = Debug|Any CPU
		Release|Any CPU = Release|Any CPU
	EndGlobalSection
	GlobalSection(ProjectConfigurationPlatforms) = postSolution
		{62D75ADA-244F-4A17-8DB4-57D5A855C0CD}.Debug|Any CPU.ActiveCfg = Debug|Any CPU
		{62D75ADA-244F-4A17-8DB4-57D5A855C0CD}.Debug|Any CPU.Build.0 = Debug|Any CPU
		{62D75ADA-244F-4A17-8DB4-57D5A855C0CD}.Release|Any CPU.ActiveCfg = Release|Any CPU
		{62D75ADA-244F-4A17-8DB4-57D5A855C0CD}.Release|Any CPU.Build.0 = Release|Any CPU
	EndGlobalSection
	GlobalSection(SolutionProperties) = preSolution
		HideSolutionNode = FALSE
	EndGlobalSection
	GlobalSection(ExtensibilityGlobals) = postSolution
		SolutionGuid = {1BA72AE6-B183-483E-8183-EC39FC524C5C}
	EndGlobalSection
EndGlobal
